
Microsoft Visual Studio Solution File, Format Version 12.00
# Visual Studio Version 17
VisualStudioVersion = 17.10.35013.160
MinimumVisualStudioVersion = 10.0.40219.1
Project("{FAE04EC0-301F-11D3-BF4B-00C04F79EFBC}") = "crud", "crud.csproj", "{991FCA34-3434-408A-A714-707D0F3C2030}"
EndProject
Global
	GlobalSection(SolutionConfigurationPlatforms) = preSolution
		Debug|Any CPU = Debug|Any CPU
		Release|Any CPU = Release|Any CPU
	EndGlobalSection
	GlobalSection(ProjectConfigurationPlatforms) = postSolution
		{991FCA34-3434-408A-A714-707D0F3C2030}.Debug|Any CPU.ActiveCfg = Debug|Any CPU
		{991FCA34-3434-408A-A714-707D0F3C2030}.Debug|Any CPU.Build.0 = Debug|Any CPU
		{991FCA34-3434-408A-A714-707D0F3C2030}.Release|Any CPU.ActiveCfg = Release|Any CPU
		{991FCA34-3434-408A-A714-707D0F3C2030}.Release|Any CPU.Build.0 = Release|Any CPU
	EndGlobalSection
	GlobalSection(SolutionProperties) = preSolution
		HideSolutionNode = FALSE
	EndGlobalSection
	GlobalSection(ExtensibilityGlobals) = postSolution
		SolutionGuid = {B032093A-91C2-4EA9-BA70-41CEF2A771D8}
	EndGlobalSection
EndGlobal
